
Microsoft Visual Studio Solution File, Format Version 12.00
# Visual Studio 15
VisualStudioVersion = 15.0.28307.902
MinimumVisualStudioVersion = 10.0.40219.1
Project("{FAE04EC0-301F-11D3-BF4B-00C04F79EFBC}") = "ScriptGUI", "CyberPatriot\ScriptGUI.csproj", "{53AC1AFE-677A-4F0E-8C1D-86FC82A4257C}"
EndProject
Global
	GlobalSection(SolutionConfigurationPlatforms) = preSolution
		Debug|Any CPU = Debug|Any CPU
		Release|Any CPU = Release|Any CPU
	EndGlobalSection
	GlobalSection(ProjectConfigurationPlatforms) = postSolution
		{53AC1AFE-677A-4F0E-8C1D-86FC82A4257C}.Debug|Any CPU.ActiveCfg = Debug|Any CPU
		{53AC1AFE-677A-4F0E-8C1D-86FC82A4257C}.Debug|Any CPU.Build.0 = Debug|Any CPU
		{53AC1AFE-677A-4F0E-8C1D-86FC82A4257C}.Release|Any CPU.ActiveCfg = Release|Any CPU
		{53AC1AFE-677A-4F0E-8C1D-86FC82A4257C}.Release|Any CPU.Build.0 = Release|Any CPU
	EndGlobalSection
	GlobalSection(SolutionProperties) = preSolution
		HideSolutionNode = FALSE
	EndGlobalSection
	GlobalSection(ExtensibilityGlobals) = postSolution
		SolutionGuid = {CB4AAA95-5F6B-4D4C-86C3-91F95D13516D}
	EndGlobalSection
EndGlobal
